
Microsoft Visual Studio Solution File, Format Version 12.00
# Visual Studio Version 16
VisualStudioVersion = 16.0.29403.142
MinimumVisualStudioVersion = 10.0.40219.1
Project("{FAE04EC0-301F-11D3-BF4B-00C04F79EFBC}") = "IPM", "IPM.csproj", "{6CCBA7E5-E94E-49EB-800C-A98C3F1739A2}"
EndProject
Project("{54435603-DBB4-11D2-8724-00A0C9A8B90C}") = "Setup", "..\Setup\Setup.vdproj", "{5B936953-9449-4476-B7FC-9E3307CD26E6}"
EndProject
Global
	GlobalSection(SolutionConfigurationPlatforms) = preSolution
		Debug|Any CPU = Debug|Any CPU
		Release|Any CPU = Release|Any CPU
	EndGlobalSection
	GlobalSection(ProjectConfigurationPlatforms) = postSolution
		{6CCBA7E5-E94E-49EB-800C-A98C3F1739A2}.Debug|Any CPU.ActiveCfg = Debug|Any CPU
		{6CCBA7E5-E94E-49EB-800C-A98C3F1739A2}.Debug|Any CPU.Build.0 = Debug|Any CPU
		{6CCBA7E5-E94E-49EB-800C-A98C3F1739A2}.Release|Any CPU.ActiveCfg = Release|Any CPU
		{6CCBA7E5-E94E-49EB-800C-A98C3F1739A2}.Release|Any CPU.Build.0 = Release|Any CPU
		{5B936953-9449-4476-B7FC-9E3307CD26E6}.Debug|Any CPU.ActiveCfg = Debug
		{5B936953-9449-4476-B7FC-9E3307CD26E6}.Release|Any CPU.ActiveCfg = Release
	EndGlobalSection
	GlobalSection(SolutionProperties) = preSolution
		HideSolutionNode = FALSE
	EndGlobalSection
	GlobalSection(ExtensibilityGlobals) = postSolution
		SolutionGuid = {D2B4ECEE-CAB0-4090-800A-F53C4A2A1562}
	EndGlobalSection
EndGlobal
